<?xml version="1.0" encoding="utf-8"?>
<Project ToolsVersion="4.0" xmlns="http://schemas.microsoft.com/developer/msbuild/2003">
  <ItemGroup>
    <ClCompile Include="AdresseCommande.cpp" />
    <ClCompile Include="Catalogue.cpp" />
    <ClCompile Include="Client.cpp" />
    <ClCompile Include="CL_CAD.cpp" />
    <ClCompile Include="CL_map_gestionCatalogue.cpp" />
    <ClCompile Include="CL_map_TBCLIENT.cpp" />
    <ClCompile Include="CL_map_TBCOMMANDE.cpp" />
    <ClCompile Include="CL_map_TBFACTURE.cpp" />
    <ClCompile Include="CL_map_TBpersonnel.cpp" />
    <ClCompile Include="CL_map_TBSTOCK.cpp" />
    <ClCompile Include="CL_svc_gestionCatalogue.cpp" />
    <ClCompile Include="CL_svc_gestionClient.cpp" />
    <ClCompile Include="CL_svc_gestionCommande.cpp" />
    <ClCompile Include="CL_svc_gestionFacture.cpp" />
    <ClCompile Include="CL_svc_gestionpersonnel.cpp" />
    <ClCompile Include="CL_svc_gestionStock.cpp" />
    <ClCompile Include="Commande.cpp" />
    <ClCompile Include="Facture.cpp" />
    <ClCompile Include="MyForm.cpp" />
    <ClCompile Include="Personnel.cpp" />
    <ClCompile Include="Statistique.cpp" />
    <ClCompile Include="Stock.cpp" />
  </ItemGroup>
  <ItemGroup>
    <ClInclude Include="AdresseCommande.h" />
    <ClInclude Include="Catalogue.h" />
    <ClInclude Include="Client.h" />
    <ClInclude Include="CL_CAD.h" />
    <ClInclude Include="CL_map_gestionCatalogue.h" />
    <ClInclude Include="CL_map_TBCLIENT.h" />
    <ClInclude Include="CL_map_TBCOMMANDE.h" />
    <ClInclude Include="CL_map_TBFACTURE.h" />
    <ClInclude Include="CL_map_TBpersonnel.h" />
    <ClInclude Include="CL_map_TBSTOCK.h" />
    <ClInclude Include="CL_svc_gestionCatalogue.h" />
    <ClInclude Include="CL_svc_gestionClient.h" />
    <ClInclude Include="CL_svc_gestionCommande.h" />
    <ClInclude Include="CL_svc_gestionFacture.h" />
    <ClInclude Include="CL_svc_gestionpersonnel.h" />
    <ClInclude Include="CL_svc_gestionStock.h" />
    <ClInclude Include="Commande.h" />
    <ClInclude Include="Facture.h" />
    <ClInclude Include="Statistique.h" />
    <ClInclude Include="Stock.h" />
    <ClInclude Include="TestClient.h" />
    <ClInclude Include="Personnel.h" />
    <ClInclude Include="MyForm.h" />
    <ClInclude Include="TestPersonnel.h" />
    <ClInclude Include="TestStock.h" />
  </ItemGroup>
</Project>